
Microsoft Visual Studio Solution File, Format Version 12.00
# Visual Studio 14
VisualStudioVersion = 14.0.25420.1
MinimumVisualStudioVersion = 10.0.40219.1
Project("{2150E333-8FDC-42A3-9474-1A3956D46DE8}") = "src", "src", "{D5E989DC-3E3E-4FCA-B2E5-526DC68C7D57}"
EndProject
Project("{2150E333-8FDC-42A3-9474-1A3956D46DE8}") = "Solution Items", "Solution Items", "{77B6E25A-5CFB-45F5-8FC8-6C6CEA64072F}"
	ProjectSection(SolutionItems) = preProject
		global.json = global.json
	EndProjectSection
EndProject
Project("{8BB2217D-0F2D-49D1-97BC-3654ED321F3B}") = "PressfordWebApp", "src\PressfordWebApp\PressfordWebApp.xproj", "{3742AC43-3B51-4F92-B6AC-D81BDD7C2DAB}"
EndProject
Global
	GlobalSection(SolutionConfigurationPlatforms) = preSolution
		Debug|Any CPU = Debug|Any CPU
		Release|Any CPU = Release|Any CPU
	EndGlobalSection
	GlobalSection(ProjectConfigurationPlatforms) = postSolution
		{3742AC43-3B51-4F92-B6AC-D81BDD7C2DAB}.Debug|Any CPU.ActiveCfg = Debug|Any CPU
		{3742AC43-3B51-4F92-B6AC-D81BDD7C2DAB}.Debug|Any CPU.Build.0 = Debug|Any CPU
		{3742AC43-3B51-4F92-B6AC-D81BDD7C2DAB}.Release|Any CPU.ActiveCfg = Release|Any CPU
		{3742AC43-3B51-4F92-B6AC-D81BDD7C2DAB}.Release|Any CPU.Build.0 = Release|Any CPU
	EndGlobalSection
	GlobalSection(SolutionProperties) = preSolution
		HideSolutionNode = FALSE
	EndGlobalSection
	GlobalSection(NestedProjects) = preSolution
		{3742AC43-3B51-4F92-B6AC-D81BDD7C2DAB} = {D5E989DC-3E3E-4FCA-B2E5-526DC68C7D57}
	EndGlobalSection
EndGlobal
